
Microsoft Visual Studio Solution File, Format Version 12.00
# Visual Studio 2012
Project("{FAE04EC0-301F-11D3-BF4B-00C04F79EFBC}") = "SamBest", "SamBest\SamBest.csproj", "{5C3DEC55-8F6E-469F-A3F0-A8189C9755AD}"
EndProject
Project("{2150E333-8FDC-42A3-9474-1A3956D46DE8}") = ".nuget", ".nuget", "{F8112F74-CB90-44EE-809F-92378010DEE6}"
	ProjectSection(SolutionItems) = preProject
		.nuget\NuGet.Config = .nuget\NuGet.Config
		.nuget\NuGet.exe = .nuget\NuGet.exe
		.nuget\NuGet.targets = .nuget\NuGet.targets
		SamBest\packages.config = SamBest\packages.config
	EndProjectSection
EndProject
Global
	GlobalSection(SolutionConfigurationPlatforms) = preSolution
		Debug|Any CPU = Debug|Any CPU
		Release|Any CPU = Release|Any CPU
	EndGlobalSection
	GlobalSection(ProjectConfigurationPlatforms) = postSolution
		{5C3DEC55-8F6E-469F-A3F0-A8189C9755AD}.Debug|Any CPU.ActiveCfg = Debug|Any CPU
		{5C3DEC55-8F6E-469F-A3F0-A8189C9755AD}.Debug|Any CPU.Build.0 = Debug|Any CPU
		{5C3DEC55-8F6E-469F-A3F0-A8189C9755AD}.Release|Any CPU.ActiveCfg = Release|Any CPU
		{5C3DEC55-8F6E-469F-A3F0-A8189C9755AD}.Release|Any CPU.Build.0 = Release|Any CPU
	EndGlobalSection
	GlobalSection(SolutionProperties) = preSolution
		HideSolutionNode = FALSE
	EndGlobalSection
EndGlobal
